{
  "name": "zkkyc",
  "version": "1.0.0",
  "lockfileVersion": 2,
  "requires": true,
  "packages": {
    "": {
      "name": "zkkyc",
      "version": "1.0.0",
      "license": "ISC",
      "dependencies": {
        "@electron-labs/aes-gcm-siv-circom": "github:dezhic/aes-circom",
        "circomlib": "^2.0.5"
      }
    },
    "node_modules/@electron-labs/aes-gcm-siv-circom": {
      "version": "0.0.1",
      "resolved": "git+ssh://git@github.com/dezhic/aes-circom.git#72a6fc8fa73cfa0dd1cace3c105d88b220f99e2a",
      "license": "ISC"
    },
    "node_modules/circomlib": {
      "version": "2.0.5",
      "resolved": "https://registry.npmjs.org/circomlib/-/circomlib-2.0.5.tgz",
      "integrity": "sha512-O7NQ8OS+J4eshBuoy36z/TwQU0YHw8W3zxZcs4hVwpEll3e4hDm3mgkIPqItN8FDeLEKZFK3YeT/+k8TiLF3/A=="
    }
  },
  "dependencies": {
    "@electron-labs/aes-gcm-siv-circom": {
      "version": "git+ssh://git@github.com/dezhic/aes-circom.git#72a6fc8fa73cfa0dd1cace3c105d88b220f99e2a",
      "from": "@electron-labs/aes-gcm-siv-circom@https://github.com/dezhic/aes-circom"
    },
    "circomlib": {
      "version": "2.0.5",
      "resolved": "https://registry.npmjs.org/circomlib/-/circomlib-2.0.5.tgz",
      "integrity": "sha512-O7NQ8OS+J4eshBuoy36z/TwQU0YHw8W3zxZcs4hVwpEll3e4hDm3mgkIPqItN8FDeLEKZFK3YeT/+k8TiLF3/A=="
    }
  }
}
